{
    "_meta": {
        "hash": {
            "sha256": "fe965fd3110cf51675753757a7d0a2f806260ad09c63c21c8589e497655fd2b0"
        },
        "pipfile-spec": 6,
        "requires": {
            "python_version": "3.11"
        },
        "sources": [
            {
                "name": "pypi",
                "url": "https://pypi.org/simple",
                "verify_ssl": true
            }
        ]
    },
    "default": {
        "asgiref": {
            "hashes": [
                "sha256:71e68008da809b957b7ee4b43dbccff33d1b23519fb8344e33f049897077afac",
                "sha256:9567dfe7bd8d3c8c892227827c41cce860b368104c3431da67a0c5a65a949506"
            ],
            "markers": "python_version >= '3.7'",
            "version": "==3.6.0"
        },
        "django": {
            "hashes": [
                "sha256:4b214a05fe4c99476e99e2445c8b978c8369c18d4dea8e22ec412862715ad763",
                "sha256:ff56ebd7ead0fd5dbe06fe157b0024a7aaea2e0593bb3785fb594cf94dad58ef"
            ],
            "index": "pypi",
            "version": "==4.1.5"
        },
        "django-debug-toolbar": {
            "hashes": [
                "sha256:24ef1a7d44d25e60d7951e378454c6509bf536dce7e7d9d36e7c387db499bc27",
                "sha256:879f8a4672d41621c06a4d322dcffa630fc4df056cada6e417ed01db0e5e0478"
            ],
            "index": "pypi",
            "version": "==3.8.1"
        },
        "sqlparse": {
            "hashes": [
                "sha256:0323c0ec29cd52bceabc1b4d9d579e311f3e4961b98d174201d5622a23b85e34",
                "sha256:69ca804846bb114d2ec380e4360a8a340db83f0ccf3afceeb1404df028f57268"
            ],
            "markers": "python_version >= '3.5'",
            "version": "==0.4.3"
        },
        "tzdata": {
            "hashes": [
                "sha256:2b88858b0e3120792a3c0635c23daf36a7d7eeeca657c323da299d2094402a0d",
                "sha256:fe5f866eddd8b96e9fcba978f8e503c909b19ea7efda11e52e39494bad3a7bfa"
            ],
            "markers": "sys_platform == 'win32'",
            "version": "==2022.7"
        }
    },
    "develop": {}
}
